{
  "version": 4,
  "terraform_version": "1.5.3",
  "serial": 3299,
  "lineage": "a99ca38d-e674-4d50-8778-033708bec0b1",
  "outputs": {},
  "resources": [
    {
      "module": "module.ec2-Bastion",
      "mode": "data",
      "type": "aws_ami",
      "name": "Latest_Image",
      "provider": "provider[\"registry.terraform.io/hashicorp/aws\"]",
      "instances": [
        {
          "schema_version": 0,
          "attributes": {
            "architecture": "x86_64",
            "arn": "arn:aws:ec2:us-east-1::image/ami-02675d30b814d1daa",
            "block_device_mappings": [
              {
                "device_name": "/dev/sda1",
                "ebs": {
                  "delete_on_termination": "true",
                  "encrypted": "false",
                  "iops": "0",
                  "snapshot_id": "snap-0237fd84f1d233d14",
                  "throughput": "0",
                  "volume_size": "8",
                  "volume_type": "gp2"
                },
                "no_device": "",
                "virtual_name": ""
              },
              {
                "device_name": "/dev/sdb",
                "ebs": {},
                "no_device": "",
                "virtual_name": "ephemeral0"
              },
              {
                "device_name": "/dev/sdc",
                "ebs": {},
                "no_device": "",
                "virtual_name": "ephemeral1"
              }
            ],
            "boot_mode": "legacy-bios",
            "creation_date": "2023-07-28T10:43:06.000Z",
            "deprecation_time": "2025-07-28T10:43:06.000Z",
            "description": "Canonical, Ubuntu, 22.04 LTS, amd64 jammy image build on 2023-07-28",
            "ena_support": true,
            "executable_users": null,
            "filter": [
              {
                "name": "name",
                "values": [
                  "ubuntu/images/hvm-ssd/ubuntu-jammy-22.04-amd64-server-*"
                ]
              },
              {
                "name": "root-device-type",
                "values": [
                  "ebs"
                ]
              },
              {
                "name": "virtualization-type",
                "values": [
                  "hvm"
                ]
              }
            ],
            "hypervisor": "xen",
            "id": "ami-02675d30b814d1daa",
            "image_id": "ami-02675d30b814d1daa",
            "image_location": "amazon/ubuntu/images/hvm-ssd/ubuntu-jammy-22.04-amd64-server-20230728",
            "image_owner_alias": "amazon",
            "image_type": "machine",
            "imds_support": "",
            "include_deprecated": false,
            "kernel_id": "",
            "most_recent": true,
            "name": "ubuntu/images/hvm-ssd/ubuntu-jammy-22.04-amd64-server-20230728",
            "name_regex": null,
            "owner_id": "099720109477",
            "owners": [
              "099720109477"
            ],
            "platform": "",
            "platform_details": "Linux/UNIX",
            "product_codes": [],
            "public": true,
            "ramdisk_id": "",
            "root_device_name": "/dev/sda1",
            "root_device_type": "ebs",
            "root_snapshot_id": "snap-0237fd84f1d233d14",
            "sriov_net_support": "simple",
            "state": "available",
            "state_reason": {
              "code": "UNSET",
              "message": "UNSET"
            },
            "tags": {},
            "timeouts": null,
            "tpm_support": "",
            "usage_operation": "RunInstances",
            "virtualization_type": "hvm"
          },
          "sensitive_attributes": []
        }
      ]
    },
    {
      "module": "module.ec2-Bastion",
      "mode": "managed",
      "type": "aws_instance",
      "name": "public-ec2",
      "provider": "provider[\"registry.terraform.io/hashicorp/aws\"]",
      "instances": [
        {
          "schema_version": 1,
          "attributes": {
            "ami": "ami-02675d30b814d1daa",
            "arn": "arn:aws:ec2:us-east-1:585247298056:instance/i-05beec12d15d25d7c",
            "associate_public_ip_address": true,
            "availability_zone": "us-east-1a",
            "capacity_reservation_specification": [
              {
                "capacity_reservation_preference": "open",
                "capacity_reservation_target": []
              }
            ],
            "cpu_core_count": 1,
            "cpu_options": [
              {
                "amd_sev_snp": "",
                "core_count": 1,
                "threads_per_core": 1
              }
            ],
            "cpu_threads_per_core": 1,
            "credit_specification": [
              {
                "cpu_credits": "standard"
              }
            ],
            "disable_api_stop": false,
            "disable_api_termination": false,
            "ebs_block_device": [],
            "ebs_optimized": false,
            "enclave_options": [
              {
                "enabled": false
              }
            ],
            "ephemeral_block_device": [],
            "get_password_data": false,
            "hibernation": false,
            "host_id": "",
            "host_resource_group_arn": null,
            "iam_instance_profile": "",
            "id": "i-05beec12d15d25d7c",
            "instance_initiated_shutdown_behavior": "stop",
            "instance_lifecycle": "",
            "instance_market_options": [],
            "instance_state": "running",
            "instance_type": "t2.micro",
            "ipv6_address_count": 0,
            "ipv6_addresses": [],
            "key_name": "RAM",
            "launch_template": [],
            "maintenance_options": [
              {
                "auto_recovery": "default"
              }
            ],
            "metadata_options": [
              {
                "http_endpoint": "enabled",
                "http_put_response_hop_limit": 1,
                "http_tokens": "optional",
                "instance_metadata_tags": "disabled"
              }
            ],
            "monitoring": false,
            "network_interface": [],
            "outpost_arn": "",
            "password_data": "",
            "placement_group": "",
            "placement_partition_number": 0,
            "primary_network_interface_id": "eni-0b48c73cf29f23b05",
            "private_dns": "ip-10-0-1-189.ec2.internal",
            "private_dns_name_options": [
              {
                "enable_resource_name_dns_a_record": false,
                "enable_resource_name_dns_aaaa_record": false,
                "hostname_type": "ip-name"
              }
            ],
            "private_ip": "10.0.1.189",
            "public_dns": "ec2-3-231-29-65.compute-1.amazonaws.com",
            "public_ip": "3.231.29.65",
            "root_block_device": [
              {
                "delete_on_termination": true,
                "device_name": "/dev/sda1",
                "encrypted": false,
                "iops": 100,
                "kms_key_id": "",
                "tags": {},
                "throughput": 0,
                "volume_id": "vol-026af3ce37a0b20c3",
                "volume_size": 8,
                "volume_type": "gp2"
              }
            ],
            "secondary_private_ips": [],
            "security_groups": [],
            "source_dest_check": true,
            "spot_instance_request_id": "",
            "subnet_id": "subnet-0f0601566cec39bc5",
            "tags": {
              "Name": "Bastion Host"
            },
            "tags_all": {
              "Name": "Bastion Host"
            },
            "tenancy": "default",
            "timeouts": null,
            "user_data": null,
            "user_data_base64": null,
            "user_data_replace_on_change": false,
            "volume_tags": null,
            "vpc_security_group_ids": [
              "sg-09fc5081335f1be5c"
            ]
          },
          "sensitive_attributes": [],
          "private": "eyJlMmJmYjczMC1lY2FhLTExZTYtOGY4OC0zNDM2M2JjN2M0YzAiOnsiY3JlYXRlIjo2MDAwMDAwMDAwMDAsImRlbGV0ZSI6MTIwMDAwMDAwMDAwMCwidXBkYXRlIjo2MDAwMDAwMDAwMDB9LCJzY2hlbWFfdmVyc2lvbiI6IjEifQ==",
          "dependencies": [
            "module.ec2-Bastion.data.aws_ami.Latest_Image",
            "module.key.aws_key_pair.Public_key",
            "module.vpc.aws_security_group.ssh-security-group",
            "module.vpc.aws_subnet.public_subnets"
          ]
        }
      ]
    },
    {
      "module": "module.ec2-Frontend",
      "mode": "data",
      "type": "aws_ami",
      "name": "Latest_Image",
      "provider": "provider[\"registry.terraform.io/hashicorp/aws\"]",
      "instances": [
        {
          "schema_version": 0,
          "attributes": {
            "architecture": "x86_64",
            "arn": "arn:aws:ec2:us-east-1::image/ami-02675d30b814d1daa",
            "block_device_mappings": [
              {
                "device_name": "/dev/sda1",
                "ebs": {
                  "delete_on_termination": "true",
                  "encrypted": "false",
                  "iops": "0",
                  "snapshot_id": "snap-0237fd84f1d233d14",
                  "throughput": "0",
                  "volume_size": "8",
                  "volume_type": "gp2"
                },
                "no_device": "",
                "virtual_name": ""
              },
              {
                "device_name": "/dev/sdb",
                "ebs": {},
                "no_device": "",
                "virtual_name": "ephemeral0"
              },
              {
                "device_name": "/dev/sdc",
                "ebs": {},
                "no_device": "",
                "virtual_name": "ephemeral1"
              }
            ],
            "boot_mode": "legacy-bios",
            "creation_date": "2023-07-28T10:43:06.000Z",
            "deprecation_time": "2025-07-28T10:43:06.000Z",
            "description": "Canonical, Ubuntu, 22.04 LTS, amd64 jammy image build on 2023-07-28",
            "ena_support": true,
            "executable_users": null,
            "filter": [
              {
                "name": "name",
                "values": [
                  "ubuntu/images/hvm-ssd/ubuntu-jammy-22.04-amd64-server-*"
                ]
              },
              {
                "name": "root-device-type",
                "values": [
                  "ebs"
                ]
              },
              {
                "name": "virtualization-type",
                "values": [
                  "hvm"
                ]
              }
            ],
            "hypervisor": "xen",
            "id": "ami-02675d30b814d1daa",
            "image_id": "ami-02675d30b814d1daa",
            "image_location": "amazon/ubuntu/images/hvm-ssd/ubuntu-jammy-22.04-amd64-server-20230728",
            "image_owner_alias": "amazon",
            "image_type": "machine",
            "imds_support": "",
            "include_deprecated": false,
            "kernel_id": "",
            "most_recent": true,
            "name": "ubuntu/images/hvm-ssd/ubuntu-jammy-22.04-amd64-server-20230728",
            "name_regex": null,
            "owner_id": "099720109477",
            "owners": [
              "099720109477"
            ],
            "platform": "",
            "platform_details": "Linux/UNIX",
            "product_codes": [],
            "public": true,
            "ramdisk_id": "",
            "root_device_name": "/dev/sda1",
            "root_device_type": "ebs",
            "root_snapshot_id": "snap-0237fd84f1d233d14",
            "sriov_net_support": "simple",
            "state": "available",
            "state_reason": {
              "code": "UNSET",
              "message": "UNSET"
            },
            "tags": {},
            "timeouts": null,
            "tpm_support": "",
            "usage_operation": "RunInstances",
            "virtualization_type": "hvm"
          },
          "sensitive_attributes": []
        }
      ]
    },
    {
      "module": "module.ec2-Frontend",
      "mode": "managed",
      "type": "aws_instance",
      "name": "public-ec2",
      "provider": "provider[\"registry.terraform.io/hashicorp/aws\"]",
      "instances": [
        {
          "schema_version": 1,
          "attributes": {
            "ami": "ami-02675d30b814d1daa",
            "arn": "arn:aws:ec2:us-east-1:585247298056:instance/i-023209fa56fbd5170",
            "associate_public_ip_address": false,
            "availability_zone": "us-east-1a",
            "capacity_reservation_specification": [
              {
                "capacity_reservation_preference": "open",
                "capacity_reservation_target": []
              }
            ],
            "cpu_core_count": 1,
            "cpu_options": [
              {
                "amd_sev_snp": "",
                "core_count": 1,
                "threads_per_core": 1
              }
            ],
            "cpu_threads_per_core": 1,
            "credit_specification": [
              {
                "cpu_credits": "standard"
              }
            ],
            "disable_api_stop": false,
            "disable_api_termination": false,
            "ebs_block_device": [],
            "ebs_optimized": false,
            "enclave_options": [
              {
                "enabled": false
              }
            ],
            "ephemeral_block_device": [],
            "get_password_data": false,
            "hibernation": false,
            "host_id": "",
            "host_resource_group_arn": null,
            "iam_instance_profile": "",
            "id": "i-023209fa56fbd5170",
            "instance_initiated_shutdown_behavior": "stop",
            "instance_lifecycle": "",
            "instance_market_options": [],
            "instance_state": "running",
            "instance_type": "t2.micro",
            "ipv6_address_count": 0,
            "ipv6_addresses": [],
            "key_name": "RAM",
            "launch_template": [],
            "maintenance_options": [
              {
                "auto_recovery": "default"
              }
            ],
            "metadata_options": [
              {
                "http_endpoint": "enabled",
                "http_put_response_hop_limit": 1,
                "http_tokens": "optional",
                "instance_metadata_tags": "disabled"
              }
            ],
            "monitoring": false,
            "network_interface": [],
            "outpost_arn": "",
            "password_data": "",
            "placement_group": "",
            "placement_partition_number": 0,
            "primary_network_interface_id": "eni-0a90a2cb108fd41cf",
            "private_dns": "ip-10-0-2-33.ec2.internal",
            "private_dns_name_options": [
              {
                "enable_resource_name_dns_a_record": false,
                "enable_resource_name_dns_aaaa_record": false,
                "hostname_type": "ip-name"
              }
            ],
            "private_ip": "10.0.2.33",
            "public_dns": "",
            "public_ip": "",
            "root_block_device": [
              {
                "delete_on_termination": true,
                "device_name": "/dev/sda1",
                "encrypted": false,
                "iops": 100,
                "kms_key_id": "",
                "tags": {},
                "throughput": 0,
                "volume_id": "vol-01b673f2e32c64f5c",
                "volume_size": 8,
                "volume_type": "gp2"
              }
            ],
            "secondary_private_ips": [],
            "security_groups": [],
            "source_dest_check": true,
            "spot_instance_request_id": "",
            "subnet_id": "subnet-0c12012257c4c601f",
            "tags": {
              "Name": "Frontend"
            },
            "tags_all": {
              "Name": "Frontend"
            },
            "tenancy": "default",
            "timeouts": null,
            "user_data": null,
            "user_data_base64": null,
            "user_data_replace_on_change": false,
            "volume_tags": null,
            "vpc_security_group_ids": [
              "sg-0b857690b8334bad0"
            ]
          },
          "sensitive_attributes": [],
          "private": "eyJlMmJmYjczMC1lY2FhLTExZTYtOGY4OC0zNDM2M2JjN2M0YzAiOnsiY3JlYXRlIjo2MDAwMDAwMDAwMDAsImRlbGV0ZSI6MTIwMDAwMDAwMDAwMCwidXBkYXRlIjo2MDAwMDAwMDAwMDB9LCJzY2hlbWFfdmVyc2lvbiI6IjEifQ==",
          "dependencies": [
            "module.ec2-Frontend.data.aws_ami.Latest_Image",
            "module.key.aws_key_pair.Public_key",
            "module.vpc.aws_security_group.private-security-group",
            "module.vpc.aws_subnet.private_subnets"
          ]
        }
      ]
    },
    {
      "module": "module.ec2-Salary[\"instance1\"]",
      "mode": "data",
      "type": "aws_ami",
      "name": "Latest_Image",
      "provider": "provider[\"registry.terraform.io/hashicorp/aws\"]",
      "instances": [
        {
          "schema_version": 0,
          "attributes": {
            "architecture": "x86_64",
            "arn": "arn:aws:ec2:us-east-1::image/ami-02675d30b814d1daa",
            "block_device_mappings": [
              {
                "device_name": "/dev/sda1",
                "ebs": {
                  "delete_on_termination": "true",
                  "encrypted": "false",
                  "iops": "0",
                  "snapshot_id": "snap-0237fd84f1d233d14",
                  "throughput": "0",
                  "volume_size": "8",
                  "volume_type": "gp2"
                },
                "no_device": "",
                "virtual_name": ""
              },
              {
                "device_name": "/dev/sdb",
                "ebs": {},
                "no_device": "",
                "virtual_name": "ephemeral0"
              },
              {
                "device_name": "/dev/sdc",
                "ebs": {},
                "no_device": "",
                "virtual_name": "ephemeral1"
              }
            ],
            "boot_mode": "legacy-bios",
            "creation_date": "2023-07-28T10:43:06.000Z",
            "deprecation_time": "2025-07-28T10:43:06.000Z",
            "description": "Canonical, Ubuntu, 22.04 LTS, amd64 jammy image build on 2023-07-28",
            "ena_support": true,
            "executable_users": null,
            "filter": [
              {
                "name": "name",
                "values": [
                  "ubuntu/images/hvm-ssd/ubuntu-jammy-22.04-amd64-server-*"
                ]
              },
              {
                "name": "root-device-type",
                "values": [
                  "ebs"
                ]
              },
              {
                "name": "virtualization-type",
                "values": [
                  "hvm"
                ]
              }
            ],
            "hypervisor": "xen",
            "id": "ami-02675d30b814d1daa",
            "image_id": "ami-02675d30b814d1daa",
            "image_location": "amazon/ubuntu/images/hvm-ssd/ubuntu-jammy-22.04-amd64-server-20230728",
            "image_owner_alias": "amazon",
            "image_type": "machine",
            "imds_support": "",
            "include_deprecated": false,
            "kernel_id": "",
            "most_recent": true,
            "name": "ubuntu/images/hvm-ssd/ubuntu-jammy-22.04-amd64-server-20230728",
            "name_regex": null,
            "owner_id": "099720109477",
            "owners": [
              "099720109477"
            ],
            "platform": "",
            "platform_details": "Linux/UNIX",
            "product_codes": [],
            "public": true,
            "ramdisk_id": "",
            "root_device_name": "/dev/sda1",
            "root_device_type": "ebs",
            "root_snapshot_id": "snap-0237fd84f1d233d14",
            "sriov_net_support": "simple",
            "state": "available",
            "state_reason": {
              "code": "UNSET",
              "message": "UNSET"
            },
            "tags": {},
            "timeouts": null,
            "tpm_support": "",
            "usage_operation": "RunInstances",
            "virtualization_type": "hvm"
          },
          "sensitive_attributes": []
        }
      ]
    },
    {
      "module": "module.ec2-Salary[\"instance1\"]",
      "mode": "managed",
      "type": "aws_instance",
      "name": "public-ec2",
      "provider": "provider[\"registry.terraform.io/hashicorp/aws\"]",
      "instances": [
        {
          "schema_version": 1,
          "attributes": {
            "ami": "ami-02675d30b814d1daa",
            "arn": "arn:aws:ec2:us-east-1:585247298056:instance/i-01adc8ff886bd1d6e",
            "associate_public_ip_address": false,
            "availability_zone": "us-east-1a",
            "capacity_reservation_specification": [
              {
                "capacity_reservation_preference": "open",
                "capacity_reservation_target": []
              }
            ],
            "cpu_core_count": 1,
            "cpu_options": [
              {
                "amd_sev_snp": "",
                "core_count": 1,
                "threads_per_core": 1
              }
            ],
            "cpu_threads_per_core": 1,
            "credit_specification": [
              {
                "cpu_credits": "standard"
              }
            ],
            "disable_api_stop": false,
            "disable_api_termination": false,
            "ebs_block_device": [],
            "ebs_optimized": false,
            "enclave_options": [
              {
                "enabled": false
              }
            ],
            "ephemeral_block_device": [],
            "get_password_data": false,
            "hibernation": false,
            "host_id": "",
            "host_resource_group_arn": null,
            "iam_instance_profile": "",
            "id": "i-01adc8ff886bd1d6e",
            "instance_initiated_shutdown_behavior": "stop",
            "instance_lifecycle": "",
            "instance_market_options": [],
            "instance_state": "running",
            "instance_type": "t2.micro",
            "ipv6_address_count": 0,
            "ipv6_addresses": [],
            "key_name": "RAM",
            "launch_template": [],
            "maintenance_options": [
              {
                "auto_recovery": "default"
              }
            ],
            "metadata_options": [
              {
                "http_endpoint": "enabled",
                "http_put_response_hop_limit": 1,
                "http_tokens": "optional",
                "instance_metadata_tags": "disabled"
              }
            ],
            "monitoring": false,
            "network_interface": [],
            "outpost_arn": "",
            "password_data": "",
            "placement_group": "",
            "placement_partition_number": 0,
            "primary_network_interface_id": "eni-0f2ae975ef7fefd0c",
            "private_dns": "ip-10-0-3-81.ec2.internal",
            "private_dns_name_options": [
              {
                "enable_resource_name_dns_a_record": false,
                "enable_resource_name_dns_aaaa_record": false,
                "hostname_type": "ip-name"
              }
            ],
            "private_ip": "10.0.3.81",
            "public_dns": "",
            "public_ip": "",
            "root_block_device": [
              {
                "delete_on_termination": true,
                "device_name": "/dev/sda1",
                "encrypted": false,
                "iops": 100,
                "kms_key_id": "",
                "tags": {},
                "throughput": 0,
                "volume_id": "vol-0422ce793b782b8fa",
                "volume_size": 8,
                "volume_type": "gp2"
              }
            ],
            "secondary_private_ips": [],
            "security_groups": [],
            "source_dest_check": true,
            "spot_instance_request_id": "",
            "subnet_id": "subnet-02696120cc44de5db",
            "tags": {
              "Name": "Salary"
            },
            "tags_all": {
              "Name": "Salary"
            },
            "tenancy": "default",
            "timeouts": null,
            "user_data": null,
            "user_data_base64": null,
            "user_data_replace_on_change": false,
            "volume_tags": null,
            "vpc_security_group_ids": [
              "sg-0b857690b8334bad0"
            ]
          },
          "sensitive_attributes": [],
          "private": "eyJlMmJmYjczMC1lY2FhLTExZTYtOGY4OC0zNDM2M2JjN2M0YzAiOnsiY3JlYXRlIjo2MDAwMDAwMDAwMDAsImRlbGV0ZSI6MTIwMDAwMDAwMDAwMCwidXBkYXRlIjo2MDAwMDAwMDAwMDB9LCJzY2hlbWFfdmVyc2lvbiI6IjEifQ==",
          "dependencies": [
            "module.ec2-Salary.data.aws_ami.Latest_Image",
            "module.key.aws_key_pair.Public_key",
            "module.key.tls_private_key.Tkey",
            "module.vpc.aws_security_group.Alb-security-group",
            "module.vpc.aws_security_group.private-security-group",
            "module.vpc.aws_subnet.private_subnets",
            "module.vpc.aws_vpc.main"
          ]
        }
      ]
    },
    {
      "module": "module.ec2-Salary[\"instance2\"]",
      "mode": "data",
      "type": "aws_ami",
      "name": "Latest_Image",
      "provider": "provider[\"registry.terraform.io/hashicorp/aws\"]",
      "instances": [
        {
          "schema_version": 0,
          "attributes": {
            "architecture": "x86_64",
            "arn": "arn:aws:ec2:us-east-1::image/ami-02675d30b814d1daa",
            "block_device_mappings": [
              {
                "device_name": "/dev/sda1",
                "ebs": {
                  "delete_on_termination": "true",
                  "encrypted": "false",
                  "iops": "0",
                  "snapshot_id": "snap-0237fd84f1d233d14",
                  "throughput": "0",
                  "volume_size": "8",
                  "volume_type": "gp2"
                },
                "no_device": "",
                "virtual_name": ""
              },
              {
                "device_name": "/dev/sdb",
                "ebs": {},
                "no_device": "",
                "virtual_name": "ephemeral0"
              },
              {
                "device_name": "/dev/sdc",
                "ebs": {},
                "no_device": "",
                "virtual_name": "ephemeral1"
              }
            ],
            "boot_mode": "legacy-bios",
            "creation_date": "2023-07-28T10:43:06.000Z",
            "deprecation_time": "2025-07-28T10:43:06.000Z",
            "description": "Canonical, Ubuntu, 22.04 LTS, amd64 jammy image build on 2023-07-28",
            "ena_support": true,
            "executable_users": null,
            "filter": [
              {
                "name": "name",
                "values": [
                  "ubuntu/images/hvm-ssd/ubuntu-jammy-22.04-amd64-server-*"
                ]
              },
              {
                "name": "root-device-type",
                "values": [
                  "ebs"
                ]
              },
              {
                "name": "virtualization-type",
                "values": [
                  "hvm"
                ]
              }
            ],
            "hypervisor": "xen",
            "id": "ami-02675d30b814d1daa",
            "image_id": "ami-02675d30b814d1daa",
            "image_location": "amazon/ubuntu/images/hvm-ssd/ubuntu-jammy-22.04-amd64-server-20230728",
            "image_owner_alias": "amazon",
            "image_type": "machine",
            "imds_support": "",
            "include_deprecated": false,
            "kernel_id": "",
            "most_recent": true,
            "name": "ubuntu/images/hvm-ssd/ubuntu-jammy-22.04-amd64-server-20230728",
            "name_regex": null,
            "owner_id": "099720109477",
            "owners": [
              "099720109477"
            ],
            "platform": "",
            "platform_details": "Linux/UNIX",
            "product_codes": [],
            "public": true,
            "ramdisk_id": "",
            "root_device_name": "/dev/sda1",
            "root_device_type": "ebs",
            "root_snapshot_id": "snap-0237fd84f1d233d14",
            "sriov_net_support": "simple",
            "state": "available",
            "state_reason": {
              "code": "UNSET",
              "message": "UNSET"
            },
            "tags": {},
            "timeouts": null,
            "tpm_support": "",
            "usage_operation": "RunInstances",
            "virtualization_type": "hvm"
          },
          "sensitive_attributes": []
        }
      ]
    },
    {
      "module": "module.ec2-Salary[\"instance2\"]",
      "mode": "managed",
      "type": "aws_instance",
      "name": "public-ec2",
      "provider": "provider[\"registry.terraform.io/hashicorp/aws\"]",
      "instances": [
        {
          "schema_version": 1,
          "attributes": {
            "ami": "ami-02675d30b814d1daa",
            "arn": "arn:aws:ec2:us-east-1:585247298056:instance/i-0c647082eb17c6a1e",
            "associate_public_ip_address": false,
            "availability_zone": "us-east-1a",
            "capacity_reservation_specification": [
              {
                "capacity_reservation_preference": "open",
                "capacity_reservation_target": []
              }
            ],
            "cpu_core_count": 1,
            "cpu_options": [
              {
                "amd_sev_snp": "",
                "core_count": 1,
                "threads_per_core": 1
              }
            ],
            "cpu_threads_per_core": 1,
            "credit_specification": [
              {
                "cpu_credits": "standard"
              }
            ],
            "disable_api_stop": false,
            "disable_api_termination": false,
            "ebs_block_device": [],
            "ebs_optimized": false,
            "enclave_options": [
              {
                "enabled": false
              }
            ],
            "ephemeral_block_device": [],
            "get_password_data": false,
            "hibernation": false,
            "host_id": "",
            "host_resource_group_arn": null,
            "iam_instance_profile": "",
            "id": "i-0c647082eb17c6a1e",
            "instance_initiated_shutdown_behavior": "stop",
            "instance_lifecycle": "",
            "instance_market_options": [],
            "instance_state": "running",
            "instance_type": "t2.micro",
            "ipv6_address_count": 0,
            "ipv6_addresses": [],
            "key_name": "RAM",
            "launch_template": [],
            "maintenance_options": [
              {
                "auto_recovery": "default"
              }
            ],
            "metadata_options": [
              {
                "http_endpoint": "enabled",
                "http_put_response_hop_limit": 1,
                "http_tokens": "optional",
                "instance_metadata_tags": "disabled"
              }
            ],
            "monitoring": false,
            "network_interface": [],
            "outpost_arn": "",
            "password_data": "",
            "placement_group": "",
            "placement_partition_number": 0,
            "primary_network_interface_id": "eni-042cd3082ce09eec3",
            "private_dns": "ip-10-0-3-206.ec2.internal",
            "private_dns_name_options": [
              {
                "enable_resource_name_dns_a_record": false,
                "enable_resource_name_dns_aaaa_record": false,
                "hostname_type": "ip-name"
              }
            ],
            "private_ip": "10.0.3.206",
            "public_dns": "",
            "public_ip": "",
            "root_block_device": [
              {
                "delete_on_termination": true,
                "device_name": "/dev/sda1",
                "encrypted": false,
                "iops": 100,
                "kms_key_id": "",
                "tags": {},
                "throughput": 0,
                "volume_id": "vol-031a8c0d4411977ba",
                "volume_size": 8,
                "volume_type": "gp2"
              }
            ],
            "secondary_private_ips": [],
            "security_groups": [],
            "source_dest_check": true,
            "spot_instance_request_id": "",
            "subnet_id": "subnet-02696120cc44de5db",
            "tags": {
              "Name": "Employee"
            },
            "tags_all": {
              "Name": "Employee"
            },
            "tenancy": "default",
            "timeouts": null,
            "user_data": null,
            "user_data_base64": null,
            "user_data_replace_on_change": false,
            "volume_tags": null,
            "vpc_security_group_ids": [
              "sg-0b857690b8334bad0"
            ]
          },
          "sensitive_attributes": [],
          "private": "eyJlMmJmYjczMC1lY2FhLTExZTYtOGY4OC0zNDM2M2JjN2M0YzAiOnsiY3JlYXRlIjo2MDAwMDAwMDAwMDAsImRlbGV0ZSI6MTIwMDAwMDAwMDAwMCwidXBkYXRlIjo2MDAwMDAwMDAwMDB9LCJzY2hlbWFfdmVyc2lvbiI6IjEifQ==",
          "dependencies": [
            "module.ec2-Salary.data.aws_ami.Latest_Image",
            "module.key.aws_key_pair.Public_key",
            "module.key.tls_private_key.Tkey",
            "module.vpc.aws_security_group.Alb-security-group",
            "module.vpc.aws_security_group.private-security-group",
            "module.vpc.aws_subnet.private_subnets",
            "module.vpc.aws_vpc.main"
          ]
        }
      ]
    },
    {
      "module": "module.ec2-Salary[\"instance3\"]",
      "mode": "data",
      "type": "aws_ami",
      "name": "Latest_Image",
      "provider": "provider[\"registry.terraform.io/hashicorp/aws\"]",
      "instances": [
        {
          "schema_version": 0,
          "attributes": {
            "architecture": "x86_64",
            "arn": "arn:aws:ec2:us-east-1::image/ami-02675d30b814d1daa",
            "block_device_mappings": [
              {
                "device_name": "/dev/sda1",
                "ebs": {
                  "delete_on_termination": "true",
                  "encrypted": "false",
                  "iops": "0",
                  "snapshot_id": "snap-0237fd84f1d233d14",
                  "throughput": "0",
                  "volume_size": "8",
                  "volume_type": "gp2"
                },
                "no_device": "",
                "virtual_name": ""
              },
              {
                "device_name": "/dev/sdb",
                "ebs": {},
                "no_device": "",
                "virtual_name": "ephemeral0"
              },
              {
                "device_name": "/dev/sdc",
                "ebs": {},
                "no_device": "",
                "virtual_name": "ephemeral1"
              }
            ],
            "boot_mode": "legacy-bios",
            "creation_date": "2023-07-28T10:43:06.000Z",
            "deprecation_time": "2025-07-28T10:43:06.000Z",
            "description": "Canonical, Ubuntu, 22.04 LTS, amd64 jammy image build on 2023-07-28",
            "ena_support": true,
            "executable_users": null,
            "filter": [
              {
                "name": "name",
                "values": [
                  "ubuntu/images/hvm-ssd/ubuntu-jammy-22.04-amd64-server-*"
                ]
              },
              {
                "name": "root-device-type",
                "values": [
                  "ebs"
                ]
              },
              {
                "name": "virtualization-type",
                "values": [
                  "hvm"
                ]
              }
            ],
            "hypervisor": "xen",
            "id": "ami-02675d30b814d1daa",
            "image_id": "ami-02675d30b814d1daa",
            "image_location": "amazon/ubuntu/images/hvm-ssd/ubuntu-jammy-22.04-amd64-server-20230728",
            "image_owner_alias": "amazon",
            "image_type": "machine",
            "imds_support": "",
            "include_deprecated": false,
            "kernel_id": "",
            "most_recent": true,
            "name": "ubuntu/images/hvm-ssd/ubuntu-jammy-22.04-amd64-server-20230728",
            "name_regex": null,
            "owner_id": "099720109477",
            "owners": [
              "099720109477"
            ],
            "platform": "",
            "platform_details": "Linux/UNIX",
            "product_codes": [],
            "public": true,
            "ramdisk_id": "",
            "root_device_name": "/dev/sda1",
            "root_device_type": "ebs",
            "root_snapshot_id": "snap-0237fd84f1d233d14",
            "sriov_net_support": "simple",
            "state": "available",
            "state_reason": {
              "code": "UNSET",
              "message": "UNSET"
            },
            "tags": {},
            "timeouts": null,
            "tpm_support": "",
            "usage_operation": "RunInstances",
            "virtualization_type": "hvm"
          },
          "sensitive_attributes": []
        }
      ]
    },
    {
      "module": "module.ec2-Salary[\"instance3\"]",
      "mode": "managed",
      "type": "aws_instance",
      "name": "public-ec2",
      "provider": "provider[\"registry.terraform.io/hashicorp/aws\"]",
      "instances": [
        {
          "schema_version": 1,
          "attributes": {
            "ami": "ami-02675d30b814d1daa",
            "arn": "arn:aws:ec2:us-east-1:585247298056:instance/i-086be13641f389885",
            "associate_public_ip_address": false,
            "availability_zone": "us-east-1a",
            "capacity_reservation_specification": [
              {
                "capacity_reservation_preference": "open",
                "capacity_reservation_target": []
              }
            ],
            "cpu_core_count": 1,
            "cpu_options": [
              {
                "amd_sev_snp": "",
                "core_count": 1,
                "threads_per_core": 1
              }
            ],
            "cpu_threads_per_core": 1,
            "credit_specification": [
              {
                "cpu_credits": "standard"
              }
            ],
            "disable_api_stop": false,
            "disable_api_termination": false,
            "ebs_block_device": [],
            "ebs_optimized": false,
            "enclave_options": [
              {
                "enabled": false
              }
            ],
            "ephemeral_block_device": [],
            "get_password_data": false,
            "hibernation": false,
            "host_id": "",
            "host_resource_group_arn": null,
            "iam_instance_profile": "",
            "id": "i-086be13641f389885",
            "instance_initiated_shutdown_behavior": "stop",
            "instance_lifecycle": "",
            "instance_market_options": [],
            "instance_state": "running",
            "instance_type": "t2.micro",
            "ipv6_address_count": 0,
            "ipv6_addresses": [],
            "key_name": "RAM",
            "launch_template": [],
            "maintenance_options": [
              {
                "auto_recovery": "default"
              }
            ],
            "metadata_options": [
              {
                "http_endpoint": "enabled",
                "http_put_response_hop_limit": 1,
                "http_tokens": "optional",
                "instance_metadata_tags": "disabled"
              }
            ],
            "monitoring": false,
            "network_interface": [],
            "outpost_arn": "",
            "password_data": "",
            "placement_group": "",
            "placement_partition_number": 0,
            "primary_network_interface_id": "eni-08337fc07b97e6c41",
            "private_dns": "ip-10-0-3-20.ec2.internal",
            "private_dns_name_options": [
              {
                "enable_resource_name_dns_a_record": false,
                "enable_resource_name_dns_aaaa_record": false,
                "hostname_type": "ip-name"
              }
            ],
            "private_ip": "10.0.3.20",
            "public_dns": "",
            "public_ip": "",
            "root_block_device": [
              {
                "delete_on_termination": true,
                "device_name": "/dev/sda1",
                "encrypted": false,
                "iops": 100,
                "kms_key_id": "",
                "tags": {},
                "throughput": 0,
                "volume_id": "vol-0008c3c0fae8a81e5",
                "volume_size": 8,
                "volume_type": "gp2"
              }
            ],
            "secondary_private_ips": [],
            "security_groups": [],
            "source_dest_check": true,
            "spot_instance_request_id": "",
            "subnet_id": "subnet-02696120cc44de5db",
            "tags": {
              "Name": "Attendance"
            },
            "tags_all": {
              "Name": "Attendance"
            },
            "tenancy": "default",
            "timeouts": null,
            "user_data": null,
            "user_data_base64": null,
            "user_data_replace_on_change": false,
            "volume_tags": null,
            "vpc_security_group_ids": [
              "sg-0b857690b8334bad0"
            ]
          },
          "sensitive_attributes": [],
          "private": "eyJlMmJmYjczMC1lY2FhLTExZTYtOGY4OC0zNDM2M2JjN2M0YzAiOnsiY3JlYXRlIjo2MDAwMDAwMDAwMDAsImRlbGV0ZSI6MTIwMDAwMDAwMDAwMCwidXBkYXRlIjo2MDAwMDAwMDAwMDB9LCJzY2hlbWFfdmVyc2lvbiI6IjEifQ==",
          "dependencies": [
            "module.ec2-Salary.data.aws_ami.Latest_Image",
            "module.key.aws_key_pair.Public_key",
            "module.key.tls_private_key.Tkey",
            "module.vpc.aws_security_group.Alb-security-group",
            "module.vpc.aws_security_group.private-security-group",
            "module.vpc.aws_subnet.private_subnets",
            "module.vpc.aws_vpc.main"
          ]
        }
      ]
    },
    {
      "module": "module.key",
      "mode": "managed",
      "type": "aws_key_pair",
      "name": "Public_key",
      "provider": "provider[\"registry.terraform.io/hashicorp/aws\"]",
      "instances": [
        {
          "schema_version": 1,
          "attributes": {
            "arn": "arn:aws:ec2:us-east-1:585247298056:key-pair/RAM",
            "fingerprint": "3c:3c:4f:13:a1:c3:84:23:58:78:3a:c7:f2:5f:16:cd",
            "id": "RAM",
            "key_name": "RAM",
            "key_name_prefix": "",
            "key_pair_id": "key-067cebc2cedc3f4d8",
            "key_type": "rsa",
            "public_key": "ssh-rsa AAAAB3NzaC1yc2EAAAADAQABAAABAQDpGPZQOhvNN7W6z3uTUlI0eprK8oTjFHkZvNM3cf9YfMi/JOMLM1zwYqIm/8w7d3RYR5yLkOwiX/W6Lmo11C+w2xAq4Lt2aq95koTmHm45i3GFGZx2/hvQujTkqHhQ6FLnaiAmoTQqGdSE/5VvCrRdYxjI0IUjUomh33/7ano1VxiIgAf9Tko/Zj60jEP1dQQFcFKIWJ47DU+Z/rrGhC2gHvN0hz6HshsUSeOy9wB2PJXRnjeOZDT15fJBAD5LU1HmMCQ+51v/6biam1/njCO0H0wbnPlSnXza5NRpt/BdRva6Z3NXPrcN35JeEQO6rtFDypx4LuqdaA8VERiCt2qN",
            "tags": {},
            "tags_all": {}
          },
          "sensitive_attributes": [],
          "private": "eyJzY2hlbWFfdmVyc2lvbiI6IjEifQ==",
          "dependencies": [
            "module.key.tls_private_key.Tkey"
          ]
        }
      ]
    },
    {
      "module": "module.key",
      "mode": "managed",
      "type": "local_file",
      "name": "TF_key",
      "provider": "provider[\"registry.terraform.io/hashicorp/local\"]",
      "instances": [
        {
          "schema_version": 0,
          "attributes": {
            "content": "-----BEGIN RSA PRIVATE KEY-----\nMIIEowIBAAKCAQEA6Rj2UDobzTe1us97k1JSNHqayvKE4xR5GbzTN3H/WHzIvyTj\nCzNc8GKiJv/MO3d0WEeci5DsIl/1ui5qNdQvsNsQKuC7dmqveZKE5h5uOYtxhRmc\ndv4b0Lo05Kh4UOhS52ogJqE0KhnUhP+Vbwq0XWMYyNCFI1KJod9/+2p6NVcYiIAH\n/U5KP2Y+tIxD9XUEBXBSiFieOw1Pmf66xoQtoB7zdIc+h7IbFEnjsvcAdjyV0Z43\njmQ09eXyQQA+S1NR5jAkPudb/+m4mptf54wjtB9MG5z5Up182uTUabfwXUb2umdz\nVz63Dd+SXhEDuq7RQ8qceC7qnWgPFREYgrdqjQIDAQABAoIBADb3Oe4FJdUok+Pv\nVTaSLOxPFP1SXt+lTkExc6UZbpsRIc1hB2D2xa2xtIb5vtEvA/JlQJbwn54jfrBe\njZEP7gcIQTG7OLldwu8qC8iv2FIdfbFjLrAoj6qSnjJlP6nkftgvAFHbpY9f8+tA\n0Z4TqiBzY77G3P5NUkMnjuhcXWECK3ifTjtM7De0lwlug3V4Q2YAm6+pUfeMD0sG\nEcIaea9EizJxc6aotC5Sgl4s9N2EVH6C9/4D29gju5Sjwj/tcKe+BtkDOA/5McVO\nerV+A8lPkhTKRCV3GNx4iujecMIfrL+AxER8ttm+fD3TGU5XDX8e3iIqfiy87wka\naYr4Y0ECgYEA+xeWZrsuHjB4lNdcOOAAVhcXy8hNbg5glWMMFxLseb9zSXiIorp9\n8tlqyn0BZUqr/EUparsvRC12LnBSx38DppF5cQgmSpHc1GUU1zcNKabYB1C+oFBf\nsuutgdKDE2+XJuMcuCLSgB/E4sHBcvw9K5hA7ivxn87H0NOe+vYNHrUCgYEA7adV\nUsMM/1rRMStAMj6TT5IcM2OgNzeKhdE24CD8Y9ag0pYKgDwvcE4b4bSpdG7EWX5J\nBriSgO8j3gxjzM9uPTfpckK/D/xK0RWd24yre6t80VwKfsg1iKyiLdNQ7keQF2qq\nLyyWbxQuqfknU36pYCBIsOXjgLCwz+4hqeadq3kCgYAYZs1uBGjR9EHzrQ5AVLyT\noUDlw/yKYolOW0bUgzlKB6oLjNQyhE8zJ5/yN73H+z7FkG8a+T/5rzVaA/53dseD\nC4YyzujxvEUquvwQgkAcOSOralRsPgNe3vqIsE2euOyGkfG7j17Hps66frvvEcZc\nEzrUKp8bubu/dqFvoDPcNQKBgFSVErQDAbQ8gWmriAyZ4toWGX1cvuAIH4AjBxHc\nC5gJAnIQvqoHQacJ1biOESWEatOjM6B1voavFifoZvi09vpI1Qg6oz+wPnyN4gIK\n3dmFHkZxKLcY0JzVPF9s70fvJmR/LRTfHKdqGnWaXJnF4ch5lQWIvGDIAhXvHgIX\nNxSZAoGBAJ3Klor1y2iawvdq3+qZF53dx5+WCgcmxCeMG8x/JiWpE1Xe0r2amRGv\nD5hU1HfOKqu7kSc351EKhXC/PhWoFallYRX0Dixy3aHYLnPY3cU+W0Weypd0gIux\n4yZtiIQ/lRubfogXrmGJ3OT4Wwotyny1K+uoYjGhLt0e0HkX0tv4\n-----END RSA PRIVATE KEY-----\n",
            "content_base64": null,
            "content_base64sha256": "vK4YQ+Wb9nUC8cOfkIyncbzzLroCE/zE2Ht4WZnHIQc=",
            "content_base64sha512": "G/IuKIV2L5VtFif6XKZ8uvyVNejr5Y4FLeuAK/Q0dv9TaVcq9UTMC/w0uqY1L8mAsKpSJdPf1t4lUWY1STr3aw==",
            "content_md5": "61e1eac634e7c9be61aff716fb508105",
            "content_sha1": "e24de0c51686ba0436a384b8b9763e6a59544b92",
            "content_sha256": "bcae1843e59bf67502f1c39f908ca771bcf32eba0213fcc4d87b785999c72107",
            "content_sha512": "1bf22e2885762f956d1627fa5ca67cbafc9535e8ebe58e052deb802bf43476ff5369572af544cc0bfc34baa6352fc980b0aa5225d3dfd6de25516635493af76b",
            "directory_permission": "0777",
            "file_permission": "0777",
            "filename": "Tkey2",
            "id": "e24de0c51686ba0436a384b8b9763e6a59544b92",
            "sensitive_content": null,
            "source": null
          },
          "sensitive_attributes": [
            [
              {
                "type": "get_attr",
                "value": "content"
              }
            ]
          ],
          "dependencies": [
            "module.key.tls_private_key.Tkey"
          ]
        }
      ]
    },
    {
      "module": "module.key",
      "mode": "managed",
      "type": "tls_private_key",
      "name": "Tkey",
      "provider": "provider[\"registry.terraform.io/hashicorp/tls\"]",
      "instances": [
        {
          "schema_version": 1,
          "attributes": {
            "algorithm": "RSA",
            "ecdsa_curve": "P224",
            "id": "9899b75af78399031a9a4e6cbbcee1a1fff2864e",
            "private_key_openssh": "-----BEGIN OPENSSH PRIVATE KEY-----\nb3BlbnNzaC1rZXktdjEAAAAABG5vbmUAAAAEbm9uZQAAAAAAAAABAAABFwAAAAdz\nc2gtcnNhAAAAAwEAAQAAAQEA6Rj2UDobzTe1us97k1JSNHqayvKE4xR5GbzTN3H/\nWHzIvyTjCzNc8GKiJv/MO3d0WEeci5DsIl/1ui5qNdQvsNsQKuC7dmqveZKE5h5u\nOYtxhRmcdv4b0Lo05Kh4UOhS52ogJqE0KhnUhP+Vbwq0XWMYyNCFI1KJod9/+2p6\nNVcYiIAH/U5KP2Y+tIxD9XUEBXBSiFieOw1Pmf66xoQtoB7zdIc+h7IbFEnjsvcA\ndjyV0Z43jmQ09eXyQQA+S1NR5jAkPudb/+m4mptf54wjtB9MG5z5Up182uTUabfw\nXUb2umdzVz63Dd+SXhEDuq7RQ8qceC7qnWgPFREYgrdqjQAAA7jL/dP2y/3T9gAA\nAAdzc2gtcnNhAAABAQDpGPZQOhvNN7W6z3uTUlI0eprK8oTjFHkZvNM3cf9YfMi/\nJOMLM1zwYqIm/8w7d3RYR5yLkOwiX/W6Lmo11C+w2xAq4Lt2aq95koTmHm45i3GF\nGZx2/hvQujTkqHhQ6FLnaiAmoTQqGdSE/5VvCrRdYxjI0IUjUomh33/7ano1VxiI\ngAf9Tko/Zj60jEP1dQQFcFKIWJ47DU+Z/rrGhC2gHvN0hz6HshsUSeOy9wB2PJXR\nnjeOZDT15fJBAD5LU1HmMCQ+51v/6biam1/njCO0H0wbnPlSnXza5NRpt/BdRva6\nZ3NXPrcN35JeEQO6rtFDypx4LuqdaA8VERiCt2qNAAAAAwEAAQAAAQA29znuBSXV\nKJPj71U2kizsTxT9Ul7fpU5BMXOlGW6bESHNYQdg9sWtsbSG+b7RLwPyZUCW8J+e\nI36wXo2RD+4HCEExuzi5XcLvKgvIr9hSHX2xYy6wKI+qkp4yZT+p5H7YLwBR26WP\nX/PrQNGeE6ogc2O+xtz+TVJDJ47oXF1hAit4n047TOw3tJcJboN1eENmAJuvqVH3\njA9LBhHCGnmvRIsycXOmqLQuUoJeLPTdhFR+gvf+A9vYI7uUo8I/7XCnvgbZAzgP\n+THFTnq1fgPJT5IUykQldxjceIro3nDCH6y/gMREfLbZvnw90xlOVw1/Ht4iKn4s\nvO8JGmmK+GNBAAAAgQCdypaK9ctomsL3at/qmRed3ceflgoHJsQnjBvMfyYlqRNV\n3tK9mpkRrw+YVNR3ziqru5EnN+dRCoVwvz4VqBWpZWEV9A4sct2h2C5z2N3FPltF\nnsqXdICLseMmbYiEP5Ubm36IF65hidzk+FsKLcp8tSvrqGIxoS7dHtB5F9Lb+AAA\nAIEA+xeWZrsuHjB4lNdcOOAAVhcXy8hNbg5glWMMFxLseb9zSXiIorp98tlqyn0B\nZUqr/EUparsvRC12LnBSx38DppF5cQgmSpHc1GUU1zcNKabYB1C+oFBfsuutgdKD\nE2+XJuMcuCLSgB/E4sHBcvw9K5hA7ivxn87H0NOe+vYNHrUAAACBAO2nVVLDDP9a\n0TErQDI+k0+SHDNjoDc3ioXRNuAg/GPWoNKWCoA8L3BOG+G0qXRuxFl+SQa4koDv\nI94MY8zPbj036XJCvw/8StEVnduMq3urfNFcCn7INYisoi3TUO5HkBdqqi8slm8U\nLqn5J1N+qWAgSLDl44CwsM/uIanmnat5AAAAAAEC\n-----END OPENSSH PRIVATE KEY-----\n",
            "private_key_pem": "-----BEGIN RSA PRIVATE KEY-----\nMIIEowIBAAKCAQEA6Rj2UDobzTe1us97k1JSNHqayvKE4xR5GbzTN3H/WHzIvyTj\nCzNc8GKiJv/MO3d0WEeci5DsIl/1ui5qNdQvsNsQKuC7dmqveZKE5h5uOYtxhRmc\ndv4b0Lo05Kh4UOhS52ogJqE0KhnUhP+Vbwq0XWMYyNCFI1KJod9/+2p6NVcYiIAH\n/U5KP2Y+tIxD9XUEBXBSiFieOw1Pmf66xoQtoB7zdIc+h7IbFEnjsvcAdjyV0Z43\njmQ09eXyQQA+S1NR5jAkPudb/+m4mptf54wjtB9MG5z5Up182uTUabfwXUb2umdz\nVz63Dd+SXhEDuq7RQ8qceC7qnWgPFREYgrdqjQIDAQABAoIBADb3Oe4FJdUok+Pv\nVTaSLOxPFP1SXt+lTkExc6UZbpsRIc1hB2D2xa2xtIb5vtEvA/JlQJbwn54jfrBe\njZEP7gcIQTG7OLldwu8qC8iv2FIdfbFjLrAoj6qSnjJlP6nkftgvAFHbpY9f8+tA\n0Z4TqiBzY77G3P5NUkMnjuhcXWECK3ifTjtM7De0lwlug3V4Q2YAm6+pUfeMD0sG\nEcIaea9EizJxc6aotC5Sgl4s9N2EVH6C9/4D29gju5Sjwj/tcKe+BtkDOA/5McVO\nerV+A8lPkhTKRCV3GNx4iujecMIfrL+AxER8ttm+fD3TGU5XDX8e3iIqfiy87wka\naYr4Y0ECgYEA+xeWZrsuHjB4lNdcOOAAVhcXy8hNbg5glWMMFxLseb9zSXiIorp9\n8tlqyn0BZUqr/EUparsvRC12LnBSx38DppF5cQgmSpHc1GUU1zcNKabYB1C+oFBf\nsuutgdKDE2+XJuMcuCLSgB/E4sHBcvw9K5hA7ivxn87H0NOe+vYNHrUCgYEA7adV\nUsMM/1rRMStAMj6TT5IcM2OgNzeKhdE24CD8Y9ag0pYKgDwvcE4b4bSpdG7EWX5J\nBriSgO8j3gxjzM9uPTfpckK/D/xK0RWd24yre6t80VwKfsg1iKyiLdNQ7keQF2qq\nLyyWbxQuqfknU36pYCBIsOXjgLCwz+4hqeadq3kCgYAYZs1uBGjR9EHzrQ5AVLyT\noUDlw/yKYolOW0bUgzlKB6oLjNQyhE8zJ5/yN73H+z7FkG8a+T/5rzVaA/53dseD\nC4YyzujxvEUquvwQgkAcOSOralRsPgNe3vqIsE2euOyGkfG7j17Hps66frvvEcZc\nEzrUKp8bubu/dqFvoDPcNQKBgFSVErQDAbQ8gWmriAyZ4toWGX1cvuAIH4AjBxHc\nC5gJAnIQvqoHQacJ1biOESWEatOjM6B1voavFifoZvi09vpI1Qg6oz+wPnyN4gIK\n3dmFHkZxKLcY0JzVPF9s70fvJmR/LRTfHKdqGnWaXJnF4ch5lQWIvGDIAhXvHgIX\nNxSZAoGBAJ3Klor1y2iawvdq3+qZF53dx5+WCgcmxCeMG8x/JiWpE1Xe0r2amRGv\nD5hU1HfOKqu7kSc351EKhXC/PhWoFallYRX0Dixy3aHYLnPY3cU+W0Weypd0gIux\n4yZtiIQ/lRubfogXrmGJ3OT4Wwotyny1K+uoYjGhLt0e0HkX0tv4\n-----END RSA PRIVATE KEY-----\n",
            "private_key_pem_pkcs8": "-----BEGIN PRIVATE KEY-----\nMIIEvQIBADANBgkqhkiG9w0BAQEFAASCBKcwggSjAgEAAoIBAQDpGPZQOhvNN7W6\nz3uTUlI0eprK8oTjFHkZvNM3cf9YfMi/JOMLM1zwYqIm/8w7d3RYR5yLkOwiX/W6\nLmo11C+w2xAq4Lt2aq95koTmHm45i3GFGZx2/hvQujTkqHhQ6FLnaiAmoTQqGdSE\n/5VvCrRdYxjI0IUjUomh33/7ano1VxiIgAf9Tko/Zj60jEP1dQQFcFKIWJ47DU+Z\n/rrGhC2gHvN0hz6HshsUSeOy9wB2PJXRnjeOZDT15fJBAD5LU1HmMCQ+51v/6bia\nm1/njCO0H0wbnPlSnXza5NRpt/BdRva6Z3NXPrcN35JeEQO6rtFDypx4LuqdaA8V\nERiCt2qNAgMBAAECggEANvc57gUl1SiT4+9VNpIs7E8U/VJe36VOQTFzpRlumxEh\nzWEHYPbFrbG0hvm+0S8D8mVAlvCfniN+sF6NkQ/uBwhBMbs4uV3C7yoLyK/YUh19\nsWMusCiPqpKeMmU/qeR+2C8AUdulj1/z60DRnhOqIHNjvsbc/k1SQyeO6FxdYQIr\neJ9OO0zsN7SXCW6DdXhDZgCbr6lR94wPSwYRwhp5r0SLMnFzpqi0LlKCXiz03YRU\nfoL3/gPb2CO7lKPCP+1wp74G2QM4D/kxxU56tX4DyU+SFMpEJXcY3HiK6N5wwh+s\nv4DERHy22b58PdMZTlcNfx7eIip+LLzvCRppivhjQQKBgQD7F5Zmuy4eMHiU11w4\n4ABWFxfLyE1uDmCVYwwXEux5v3NJeIiiun3y2WrKfQFlSqv8RSlquy9ELXYucFLH\nfwOmkXlxCCZKkdzUZRTXNw0pptgHUL6gUF+y662B0oMTb5cm4xy4ItKAH8TiwcFy\n/D0rmEDuK/GfzsfQ05769g0etQKBgQDtp1VSwwz/WtExK0AyPpNPkhwzY6A3N4qF\n0TbgIPxj1qDSlgqAPC9wThvhtKl0bsRZfkkGuJKA7yPeDGPMz249N+lyQr8P/ErR\nFZ3bjKt7q3zRXAp+yDWIrKIt01DuR5AXaqovLJZvFC6p+SdTfqlgIEiw5eOAsLDP\n7iGp5p2reQKBgBhmzW4EaNH0QfOtDkBUvJOhQOXD/IpiiU5bRtSDOUoHqguM1DKE\nTzMnn/I3vcf7PsWQbxr5P/mvNVoD/nd2x4MLhjLO6PG8RSq6/BCCQBw5I6tqVGw+\nA17e+oiwTZ647IaR8buPXsemzrp+u+8RxlwTOtQqnxu5u792oW+gM9w1AoGAVJUS\ntAMBtDyBaauIDJni2hYZfVy+4AgfgCMHEdwLmAkCchC+qgdBpwnVuI4RJYRq06Mz\noHW+hq8WJ+hm+LT2+kjVCDqjP7A+fI3iAgrd2YUeRnEotxjQnNU8X2zvR+8mZH8t\nFN8cp2oadZpcmcXhyHmVBYi8YMgCFe8eAhc3FJkCgYEAncqWivXLaJrC92rf6pkX\nnd3Hn5YKBybEJ4wbzH8mJakTVd7SvZqZEa8PmFTUd84qq7uRJzfnUQqFcL8+FagV\nqWVhFfQOLHLdodguc9jdxT5bRZ7Kl3SAi7HjJm2IhD+VG5t+iBeuYYnc5PhbCi3K\nfLUr66hiMaEu3R7QeRfS2/g=\n-----END PRIVATE KEY-----\n",
            "public_key_fingerprint_md5": "a1:0b:3f:82:d4:f9:28:cc:5d:0d:af:7c:55:2d:68:7d",
            "public_key_fingerprint_sha256": "SHA256:rs/yg99xET+SnGtzHqwJrtxHGAhxW6OYUyabxF8Echs",
            "public_key_openssh": "ssh-rsa AAAAB3NzaC1yc2EAAAADAQABAAABAQDpGPZQOhvNN7W6z3uTUlI0eprK8oTjFHkZvNM3cf9YfMi/JOMLM1zwYqIm/8w7d3RYR5yLkOwiX/W6Lmo11C+w2xAq4Lt2aq95koTmHm45i3GFGZx2/hvQujTkqHhQ6FLnaiAmoTQqGdSE/5VvCrRdYxjI0IUjUomh33/7ano1VxiIgAf9Tko/Zj60jEP1dQQFcFKIWJ47DU+Z/rrGhC2gHvN0hz6HshsUSeOy9wB2PJXRnjeOZDT15fJBAD5LU1HmMCQ+51v/6biam1/njCO0H0wbnPlSnXza5NRpt/BdRva6Z3NXPrcN35JeEQO6rtFDypx4LuqdaA8VERiCt2qN\n",
            "public_key_pem": "-----BEGIN PUBLIC KEY-----\nMIIBIjANBgkqhkiG9w0BAQEFAAOCAQ8AMIIBCgKCAQEA6Rj2UDobzTe1us97k1JS\nNHqayvKE4xR5GbzTN3H/WHzIvyTjCzNc8GKiJv/MO3d0WEeci5DsIl/1ui5qNdQv\nsNsQKuC7dmqveZKE5h5uOYtxhRmcdv4b0Lo05Kh4UOhS52ogJqE0KhnUhP+Vbwq0\nXWMYyNCFI1KJod9/+2p6NVcYiIAH/U5KP2Y+tIxD9XUEBXBSiFieOw1Pmf66xoQt\noB7zdIc+h7IbFEnjsvcAdjyV0Z43jmQ09eXyQQA+S1NR5jAkPudb/+m4mptf54wj\ntB9MG5z5Up182uTUabfwXUb2umdzVz63Dd+SXhEDuq7RQ8qceC7qnWgPFREYgrdq\njQIDAQAB\n-----END PUBLIC KEY-----\n",
            "rsa_bits": 2048
          },
          "sensitive_attributes": []
        }
      ]
    },
    {
      "module": "module.vpc",
      "mode": "managed",
      "type": "aws_eip",
      "name": "elasticip",
      "provider": "provider[\"registry.terraform.io/hashicorp/aws\"]",
      "instances": [
        {
          "schema_version": 0,
          "attributes": {
            "address": null,
            "allocation_id": "eipalloc-0daa941e4b18c0df2",
            "associate_with_private_ip": null,
            "association_id": "eipassoc-0249ca830430d6d84",
            "carrier_ip": "",
            "customer_owned_ip": "",
            "customer_owned_ipv4_pool": "",
            "domain": "vpc",
            "id": "eipalloc-0daa941e4b18c0df2",
            "instance": "",
            "network_border_group": "us-east-1",
            "network_interface": "eni-0177169681b0e5fe4",
            "private_dns": "ip-10-0-1-91.ec2.internal",
            "private_ip": "10.0.1.91",
            "public_dns": "ec2-44-218-163-58.compute-1.amazonaws.com",
            "public_ip": "44.218.163.58",
            "public_ipv4_pool": "amazon",
            "tags": {},
            "tags_all": {},
            "timeouts": null,
            "vpc": true
          },
          "sensitive_attributes": [],
          "private": "eyJlMmJmYjczMC1lY2FhLTExZTYtOGY4OC0zNDM2M2JjN2M0YzAiOnsiZGVsZXRlIjoxODAwMDAwMDAwMDAsInJlYWQiOjkwMDAwMDAwMDAwMCwidXBkYXRlIjozMDAwMDAwMDAwMDB9fQ=="
        }
      ]
    },
    {
      "module": "module.vpc",
      "mode": "managed",
      "type": "aws_internet_gateway",
      "name": "IGW",
      "provider": "provider[\"registry.terraform.io/hashicorp/aws\"]",
      "instances": [
        {
          "schema_version": 0,
          "attributes": {
            "arn": "arn:aws:ec2:us-east-1:585247298056:internet-gateway/igw-0e8ebb5fd8d076c56",
            "id": "igw-0e8ebb5fd8d076c56",
            "owner_id": "585247298056",
            "tags": {
              "Name": "VPC_DEV-Internet_Gateway"
            },
            "tags_all": {
              "Name": "VPC_DEV-Internet_Gateway"
            },
            "timeouts": null,
            "vpc_id": "vpc-0cf51db6eba93c2ed"
          },
          "sensitive_attributes": [],
          "private": "eyJlMmJmYjczMC1lY2FhLTExZTYtOGY4OC0zNDM2M2JjN2M0YzAiOnsiY3JlYXRlIjoxMjAwMDAwMDAwMDAwLCJkZWxldGUiOjEyMDAwMDAwMDAwMDAsInVwZGF0ZSI6MTIwMDAwMDAwMDAwMH19",
          "dependencies": [
            "module.vpc.aws_vpc.main"
          ]
        }
      ]
    },
    {
      "module": "module.vpc",
      "mode": "managed",
      "type": "aws_nat_gateway",
      "name": "nat",
      "provider": "provider[\"registry.terraform.io/hashicorp/aws\"]",
      "instances": [
        {
          "schema_version": 0,
          "attributes": {
            "allocation_id": "eipalloc-0daa941e4b18c0df2",
            "association_id": "eipassoc-0249ca830430d6d84",
            "connectivity_type": "public",
            "id": "nat-0253ed32db0cd45ac",
            "network_interface_id": "eni-0177169681b0e5fe4",
            "private_ip": "10.0.1.91",
            "public_ip": "44.218.163.58",
            "secondary_allocation_ids": [],
            "secondary_private_ip_address_count": 0,
            "secondary_private_ip_addresses": [],
            "subnet_id": "subnet-0f0601566cec39bc5",
            "tags": {
              "Name": "Nat"
            },
            "tags_all": {
              "Name": "Nat"
            },
            "timeouts": null
          },
          "sensitive_attributes": [],
          "private": "eyJlMmJmYjczMC1lY2FhLTExZTYtOGY4OC0zNDM2M2JjN2M0YzAiOnsiY3JlYXRlIjo2MDAwMDAwMDAwMDAsImRlbGV0ZSI6MTgwMDAwMDAwMDAwMCwidXBkYXRlIjo2MDAwMDAwMDAwMDB9fQ==",
          "dependencies": [
            "module.vpc.aws_eip.elasticip",
            "module.vpc.aws_subnet.public_subnets",
            "module.vpc.aws_vpc.main"
          ]
        }
      ]
    },
    {
      "module": "module.vpc",
      "mode": "managed",
      "type": "aws_route",
      "name": "private_route",
      "provider": "provider[\"registry.terraform.io/hashicorp/aws\"]",
      "instances": [
        {
          "schema_version": 0,
          "attributes": {
            "carrier_gateway_id": "",
            "core_network_arn": "",
            "destination_cidr_block": "0.0.0.0/0",
            "destination_ipv6_cidr_block": "",
            "destination_prefix_list_id": "",
            "egress_only_gateway_id": "",
            "gateway_id": "",
            "id": "r-rtb-0d4e93cb518d1cd5b1080289494",
            "instance_id": "",
            "instance_owner_id": "",
            "local_gateway_id": "",
            "nat_gateway_id": "nat-0253ed32db0cd45ac",
            "network_interface_id": "",
            "origin": "CreateRoute",
            "route_table_id": "rtb-0d4e93cb518d1cd5b",
            "state": "active",
            "timeouts": null,
            "transit_gateway_id": "",
            "vpc_endpoint_id": "",
            "vpc_peering_connection_id": ""
          },
          "sensitive_attributes": [],
          "private": "eyJlMmJmYjczMC1lY2FhLTExZTYtOGY4OC0zNDM2M2JjN2M0YzAiOnsiY3JlYXRlIjozMDAwMDAwMDAwMDAsImRlbGV0ZSI6MzAwMDAwMDAwMDAwLCJ1cGRhdGUiOjEyMDAwMDAwMDAwMH19",
          "dependencies": [
            "module.vpc.aws_eip.elasticip",
            "module.vpc.aws_nat_gateway.nat",
            "module.vpc.aws_route_table.private_route_table",
            "module.vpc.aws_subnet.public_subnets",
            "module.vpc.aws_vpc.main"
          ]
        }
      ]
    },
    {
      "module": "module.vpc",
      "mode": "managed",
      "type": "aws_route",
      "name": "public_route",
      "provider": "provider[\"registry.terraform.io/hashicorp/aws\"]",
      "instances": [
        {
          "index_key": "subnet1",
          "schema_version": 0,
          "attributes": {
            "carrier_gateway_id": "",
            "core_network_arn": "",
            "destination_cidr_block": "0.0.0.0/0",
            "destination_ipv6_cidr_block": "",
            "destination_prefix_list_id": "",
            "egress_only_gateway_id": "",
            "gateway_id": "igw-0e8ebb5fd8d076c56",
            "id": "r-rtb-0881bca17f755b2ef1080289494",
            "instance_id": "",
            "instance_owner_id": "",
            "local_gateway_id": "",
            "nat_gateway_id": "",
            "network_interface_id": "",
            "origin": "CreateRoute",
            "route_table_id": "rtb-0881bca17f755b2ef",
            "state": "active",
            "timeouts": null,
            "transit_gateway_id": "",
            "vpc_endpoint_id": "",
            "vpc_peering_connection_id": ""
          },
          "sensitive_attributes": [],
          "private": "eyJlMmJmYjczMC1lY2FhLTExZTYtOGY4OC0zNDM2M2JjN2M0YzAiOnsiY3JlYXRlIjozMDAwMDAwMDAwMDAsImRlbGV0ZSI6MzAwMDAwMDAwMDAwLCJ1cGRhdGUiOjEyMDAwMDAwMDAwMH19",
          "dependencies": [
            "module.vpc.aws_internet_gateway.IGW",
            "module.vpc.aws_route_table.public_route_table",
            "module.vpc.aws_subnet.public_subnets",
            "module.vpc.aws_vpc.main"
          ]
        },
        {
          "index_key": "subnet2",
          "schema_version": 0,
          "attributes": {
            "carrier_gateway_id": "",
            "core_network_arn": "",
            "destination_cidr_block": "0.0.0.0/0",
            "destination_ipv6_cidr_block": "",
            "destination_prefix_list_id": "",
            "egress_only_gateway_id": "",
            "gateway_id": "igw-0e8ebb5fd8d076c56",
            "id": "r-rtb-0881bca17f755b2ef1080289494",
            "instance_id": "",
            "instance_owner_id": "",
            "local_gateway_id": "",
            "nat_gateway_id": "",
            "network_interface_id": "",
            "origin": "CreateRoute",
            "route_table_id": "rtb-0881bca17f755b2ef",
            "state": "active",
            "timeouts": null,
            "transit_gateway_id": "",
            "vpc_endpoint_id": "",
            "vpc_peering_connection_id": ""
          },
          "sensitive_attributes": [],
          "private": "eyJlMmJmYjczMC1lY2FhLTExZTYtOGY4OC0zNDM2M2JjN2M0YzAiOnsiY3JlYXRlIjozMDAwMDAwMDAwMDAsImRlbGV0ZSI6MzAwMDAwMDAwMDAwLCJ1cGRhdGUiOjEyMDAwMDAwMDAwMH19",
          "dependencies": [
            "module.vpc.aws_internet_gateway.IGW",
            "module.vpc.aws_route_table.public_route_table",
            "module.vpc.aws_subnet.public_subnets",
            "module.vpc.aws_vpc.main"
          ]
        }
      ]
    },
    {
      "module": "module.vpc",
      "mode": "managed",
      "type": "aws_route_table",
      "name": "private_route_table",
      "provider": "provider[\"registry.terraform.io/hashicorp/aws\"]",
      "instances": [
        {
          "schema_version": 0,
          "attributes": {
            "arn": "arn:aws:ec2:us-east-1:585247298056:route-table/rtb-0d4e93cb518d1cd5b",
            "id": "rtb-0d4e93cb518d1cd5b",
            "owner_id": "585247298056",
            "propagating_vgws": [],
            "route": [
              {
                "carrier_gateway_id": "",
                "cidr_block": "0.0.0.0/0",
                "core_network_arn": "",
                "destination_prefix_list_id": "",
                "egress_only_gateway_id": "",
                "gateway_id": "",
                "ipv6_cidr_block": "",
                "local_gateway_id": "",
                "nat_gateway_id": "nat-0253ed32db0cd45ac",
                "network_interface_id": "",
                "transit_gateway_id": "",
                "vpc_endpoint_id": "",
                "vpc_peering_connection_id": ""
              }
            ],
            "tags": {
              "Name": "VPC_DEV-Private_route_table"
            },
            "tags_all": {
              "Name": "VPC_DEV-Private_route_table"
            },
            "timeouts": null,
            "vpc_id": "vpc-0cf51db6eba93c2ed"
          },
          "sensitive_attributes": [],
          "private": "eyJlMmJmYjczMC1lY2FhLTExZTYtOGY4OC0zNDM2M2JjN2M0YzAiOnsiY3JlYXRlIjozMDAwMDAwMDAwMDAsImRlbGV0ZSI6MzAwMDAwMDAwMDAwLCJ1cGRhdGUiOjEyMDAwMDAwMDAwMH19",
          "dependencies": [
            "module.vpc.aws_vpc.main"
          ]
        }
      ]
    },
    {
      "module": "module.vpc",
      "mode": "managed",
      "type": "aws_route_table",
      "name": "public_route_table",
      "provider": "provider[\"registry.terraform.io/hashicorp/aws\"]",
      "instances": [
        {
          "schema_version": 0,
          "attributes": {
            "arn": "arn:aws:ec2:us-east-1:585247298056:route-table/rtb-0881bca17f755b2ef",
            "id": "rtb-0881bca17f755b2ef",
            "owner_id": "585247298056",
            "propagating_vgws": [],
            "route": [
              {
                "carrier_gateway_id": "",
                "cidr_block": "0.0.0.0/0",
                "core_network_arn": "",
                "destination_prefix_list_id": "",
                "egress_only_gateway_id": "",
                "gateway_id": "igw-0e8ebb5fd8d076c56",
                "ipv6_cidr_block": "",
                "local_gateway_id": "",
                "nat_gateway_id": "",
                "network_interface_id": "",
                "transit_gateway_id": "",
                "vpc_endpoint_id": "",
                "vpc_peering_connection_id": ""
              }
            ],
            "tags": {
              "Name": "VPC_DEV-Public_route_table"
            },
            "tags_all": {
              "Name": "VPC_DEV-Public_route_table"
            },
            "timeouts": null,
            "vpc_id": "vpc-0cf51db6eba93c2ed"
          },
          "sensitive_attributes": [],
          "private": "eyJlMmJmYjczMC1lY2FhLTExZTYtOGY4OC0zNDM2M2JjN2M0YzAiOnsiY3JlYXRlIjozMDAwMDAwMDAwMDAsImRlbGV0ZSI6MzAwMDAwMDAwMDAwLCJ1cGRhdGUiOjEyMDAwMDAwMDAwMH19",
          "dependencies": [
            "module.vpc.aws_vpc.main"
          ]
        }
      ]
    },
    {
      "module": "module.vpc",
      "mode": "managed",
      "type": "aws_route_table_association",
      "name": "private_association",
      "provider": "provider[\"registry.terraform.io/hashicorp/aws\"]",
      "instances": [
        {
          "index_key": "Application_subnet",
          "schema_version": 0,
          "attributes": {
            "gateway_id": "",
            "id": "rtbassoc-0481f433f688728e8",
            "route_table_id": "rtb-0d4e93cb518d1cd5b",
            "subnet_id": "subnet-02696120cc44de5db",
            "timeouts": null
          },
          "sensitive_attributes": [],
          "private": "eyJlMmJmYjczMC1lY2FhLTExZTYtOGY4OC0zNDM2M2JjN2M0YzAiOnsiY3JlYXRlIjozMDAwMDAwMDAwMDAsImRlbGV0ZSI6MzAwMDAwMDAwMDAwLCJ1cGRhdGUiOjEyMDAwMDAwMDAwMH19",
          "dependencies": [
            "module.vpc.aws_route_table.private_route_table",
            "module.vpc.aws_subnet.private_subnets",
            "module.vpc.aws_vpc.main"
          ]
        },
        {
          "index_key": "Data_Base_subnet",
          "schema_version": 0,
          "attributes": {
            "gateway_id": "",
            "id": "rtbassoc-05ec57ae1bfe0da76",
            "route_table_id": "rtb-0d4e93cb518d1cd5b",
            "subnet_id": "subnet-0065a0da49f474efa",
            "timeouts": null
          },
          "sensitive_attributes": [],
          "private": "eyJlMmJmYjczMC1lY2FhLTExZTYtOGY4OC0zNDM2M2JjN2M0YzAiOnsiY3JlYXRlIjozMDAwMDAwMDAwMDAsImRlbGV0ZSI6MzAwMDAwMDAwMDAwLCJ1cGRhdGUiOjEyMDAwMDAwMDAwMH19",
          "dependencies": [
            "module.vpc.aws_route_table.private_route_table",
            "module.vpc.aws_subnet.private_subnets",
            "module.vpc.aws_vpc.main"
          ]
        },
        {
          "index_key": "Forntend_subnet",
          "schema_version": 0,
          "attributes": {
            "gateway_id": "",
            "id": "rtbassoc-059df3bbbac15b138",
            "route_table_id": "rtb-0d4e93cb518d1cd5b",
            "subnet_id": "subnet-0c12012257c4c601f",
            "timeouts": null
          },
          "sensitive_attributes": [],
          "private": "eyJlMmJmYjczMC1lY2FhLTExZTYtOGY4OC0zNDM2M2JjN2M0YzAiOnsiY3JlYXRlIjozMDAwMDAwMDAwMDAsImRlbGV0ZSI6MzAwMDAwMDAwMDAwLCJ1cGRhdGUiOjEyMDAwMDAwMDAwMH19",
          "dependencies": [
            "module.vpc.aws_route_table.private_route_table",
            "module.vpc.aws_subnet.private_subnets",
            "module.vpc.aws_vpc.main"
          ]
        }
      ]
    },
    {
      "module": "module.vpc",
      "mode": "managed",
      "type": "aws_route_table_association",
      "name": "public_association",
      "provider": "provider[\"registry.terraform.io/hashicorp/aws\"]",
      "instances": [
        {
          "index_key": "subnet1",
          "schema_version": 0,
          "attributes": {
            "gateway_id": "",
            "id": "rtbassoc-04e926eb5a26c33b6",
            "route_table_id": "rtb-0881bca17f755b2ef",
            "subnet_id": "subnet-0f0601566cec39bc5",
            "timeouts": null
          },
          "sensitive_attributes": [],
          "private": "eyJlMmJmYjczMC1lY2FhLTExZTYtOGY4OC0zNDM2M2JjN2M0YzAiOnsiY3JlYXRlIjozMDAwMDAwMDAwMDAsImRlbGV0ZSI6MzAwMDAwMDAwMDAwLCJ1cGRhdGUiOjEyMDAwMDAwMDAwMH19",
          "dependencies": [
            "module.vpc.aws_route_table.public_route_table",
            "module.vpc.aws_subnet.public_subnets",
            "module.vpc.aws_vpc.main"
          ]
        },
        {
          "index_key": "subnet2",
          "schema_version": 0,
          "attributes": {
            "gateway_id": "",
            "id": "rtbassoc-0f771b1d7c6f74c24",
            "route_table_id": "rtb-0881bca17f755b2ef",
            "subnet_id": "subnet-08a45d2300d07b53c",
            "timeouts": null
          },
          "sensitive_attributes": [],
          "private": "eyJlMmJmYjczMC1lY2FhLTExZTYtOGY4OC0zNDM2M2JjN2M0YzAiOnsiY3JlYXRlIjozMDAwMDAwMDAwMDAsImRlbGV0ZSI6MzAwMDAwMDAwMDAwLCJ1cGRhdGUiOjEyMDAwMDAwMDAwMH19",
          "dependencies": [
            "module.vpc.aws_route_table.public_route_table",
            "module.vpc.aws_subnet.public_subnets",
            "module.vpc.aws_vpc.main"
          ]
        }
      ]
    },
    {
      "module": "module.vpc",
      "mode": "managed",
      "type": "aws_security_group",
      "name": "Alb-security-group",
      "provider": "provider[\"registry.terraform.io/hashicorp/aws\"]",
      "instances": [
        {
          "schema_version": 1,
          "attributes": {
            "arn": "arn:aws:ec2:us-east-1:585247298056:security-group/sg-0fc3abcf57b8d70b8",
            "description": "Enable http/https access on Port 80/443",
            "egress": [
              {
                "cidr_blocks": [
                  "0.0.0.0/0"
                ],
                "description": "",
                "from_port": 0,
                "ipv6_cidr_blocks": [],
                "prefix_list_ids": [],
                "protocol": "-1",
                "security_groups": [],
                "self": false,
                "to_port": 0
              }
            ],
            "id": "sg-0fc3abcf57b8d70b8",
            "ingress": [
              {
                "cidr_blocks": [
                  "0.0.0.0/0"
                ],
                "description": "HTTP Access",
                "from_port": 80,
                "ipv6_cidr_blocks": [],
                "prefix_list_ids": [],
                "protocol": "tcp",
                "security_groups": [],
                "self": false,
                "to_port": 80
              }
            ],
            "name": "ALB  Security Group",
            "name_prefix": "",
            "owner_id": "585247298056",
            "revoke_rules_on_delete": false,
            "tags": {
              "Name": "Alb Security Group"
            },
            "tags_all": {
              "Name": "Alb Security Group"
            },
            "timeouts": null,
            "vpc_id": "vpc-0cf51db6eba93c2ed"
          },
          "sensitive_attributes": [],
          "private": "eyJlMmJmYjczMC1lY2FhLTExZTYtOGY4OC0zNDM2M2JjN2M0YzAiOnsiY3JlYXRlIjo2MDAwMDAwMDAwMDAsImRlbGV0ZSI6OTAwMDAwMDAwMDAwfSwic2NoZW1hX3ZlcnNpb24iOiIxIn0=",
          "dependencies": [
            "module.vpc.aws_vpc.main"
          ]
        }
      ]
    },
    {
      "module": "module.vpc",
      "mode": "managed",
      "type": "aws_security_group",
      "name": "private-security-group",
      "provider": "provider[\"registry.terraform.io/hashicorp/aws\"]",
      "instances": [
        {
          "schema_version": 1,
          "attributes": {
            "arn": "arn:aws:ec2:us-east-1:585247298056:security-group/sg-0b857690b8334bad0",
            "description": "Enable SSH access on Port 22",
            "egress": [
              {
                "cidr_blocks": [
                  "0.0.0.0/0"
                ],
                "description": "",
                "from_port": 0,
                "ipv6_cidr_blocks": [],
                "prefix_list_ids": [],
                "protocol": "-1",
                "security_groups": [],
                "self": false,
                "to_port": 0
              }
            ],
            "id": "sg-0b857690b8334bad0",
            "ingress": [
              {
                "cidr_blocks": [
                  "0.0.0.0/0"
                ],
                "description": "SSH Access",
                "from_port": 22,
                "ipv6_cidr_blocks": [],
                "prefix_list_ids": [],
                "protocol": "tcp",
                "security_groups": [],
                "self": false,
                "to_port": 22
              },
              {
                "cidr_blocks": [],
                "description": "SSH Access",
                "from_port": 80,
                "ipv6_cidr_blocks": [],
                "prefix_list_ids": [],
                "protocol": "tcp",
                "security_groups": [
                  "sg-0fc3abcf57b8d70b8"
                ],
                "self": false,
                "to_port": 80
              }
            ],
            "name": "Private Security Group",
            "name_prefix": "",
            "owner_id": "585247298056",
            "revoke_rules_on_delete": false,
            "tags": {
              "Name": "Private Security Group"
            },
            "tags_all": {
              "Name": "Private Security Group"
            },
            "timeouts": null,
            "vpc_id": "vpc-0cf51db6eba93c2ed"
          },
          "sensitive_attributes": [],
          "private": "eyJlMmJmYjczMC1lY2FhLTExZTYtOGY4OC0zNDM2M2JjN2M0YzAiOnsiY3JlYXRlIjo2MDAwMDAwMDAwMDAsImRlbGV0ZSI6OTAwMDAwMDAwMDAwfSwic2NoZW1hX3ZlcnNpb24iOiIxIn0=",
          "dependencies": [
            "module.vpc.aws_security_group.Alb-security-group",
            "module.vpc.aws_vpc.main"
          ]
        }
      ]
    },
    {
      "module": "module.vpc",
      "mode": "managed",
      "type": "aws_security_group",
      "name": "ssh-security-group",
      "provider": "provider[\"registry.terraform.io/hashicorp/aws\"]",
      "instances": [
        {
          "schema_version": 1,
          "attributes": {
            "arn": "arn:aws:ec2:us-east-1:585247298056:security-group/sg-09fc5081335f1be5c",
            "description": "Managed by Terraform",
            "egress": [
              {
                "cidr_blocks": [
                  "0.0.0.0/0"
                ],
                "description": "",
                "from_port": 0,
                "ipv6_cidr_blocks": [
                  "::/0"
                ],
                "prefix_list_ids": [],
                "protocol": "-1",
                "security_groups": [],
                "self": false,
                "to_port": 0
              }
            ],
            "id": "sg-09fc5081335f1be5c",
            "ingress": [
              {
                "cidr_blocks": [
                  "0.0.0.0/0"
                ],
                "description": "",
                "from_port": 22,
                "ipv6_cidr_blocks": [],
                "prefix_list_ids": [],
                "protocol": "tcp",
                "security_groups": [],
                "self": false,
                "to_port": 22
              },
              {
                "cidr_blocks": [
                  "0.0.0.0/0"
                ],
                "description": "",
                "from_port": 443,
                "ipv6_cidr_blocks": [],
                "prefix_list_ids": [],
                "protocol": "tcp",
                "security_groups": [],
                "self": false,
                "to_port": 443
              },
              {
                "cidr_blocks": [
                  "0.0.0.0/0"
                ],
                "description": "",
                "from_port": 80,
                "ipv6_cidr_blocks": [],
                "prefix_list_ids": [],
                "protocol": "tcp",
                "security_groups": [],
                "self": false,
                "to_port": 80
              }
            ],
            "name": "bastion-sg",
            "name_prefix": "",
            "owner_id": "585247298056",
            "revoke_rules_on_delete": false,
            "tags": {
              "Name": "Baiston SG"
            },
            "tags_all": {
              "Name": "Baiston SG"
            },
            "timeouts": null,
            "vpc_id": "vpc-0cf51db6eba93c2ed"
          },
          "sensitive_attributes": [],
          "private": "eyJlMmJmYjczMC1lY2FhLTExZTYtOGY4OC0zNDM2M2JjN2M0YzAiOnsiY3JlYXRlIjo2MDAwMDAwMDAwMDAsImRlbGV0ZSI6OTAwMDAwMDAwMDAwfSwic2NoZW1hX3ZlcnNpb24iOiIxIn0=",
          "dependencies": [
            "module.vpc.aws_vpc.main"
          ]
        }
      ]
    },
    {
      "module": "module.vpc",
      "mode": "managed",
      "type": "aws_subnet",
      "name": "private_subnets",
      "provider": "provider[\"registry.terraform.io/hashicorp/aws\"]",
      "instances": [
        {
          "index_key": "Application_subnet",
          "schema_version": 1,
          "attributes": {
            "arn": "arn:aws:ec2:us-east-1:585247298056:subnet/subnet-02696120cc44de5db",
            "assign_ipv6_address_on_creation": false,
            "availability_zone": "us-east-1a",
            "availability_zone_id": "use1-az1",
            "cidr_block": "10.0.3.0/24",
            "customer_owned_ipv4_pool": "",
            "enable_dns64": false,
            "enable_lni_at_device_index": 0,
            "enable_resource_name_dns_a_record_on_launch": false,
            "enable_resource_name_dns_aaaa_record_on_launch": false,
            "id": "subnet-02696120cc44de5db",
            "ipv6_cidr_block": "",
            "ipv6_cidr_block_association_id": "",
            "ipv6_native": false,
            "map_customer_owned_ip_on_launch": false,
            "map_public_ip_on_launch": false,
            "outpost_arn": "",
            "owner_id": "585247298056",
            "private_dns_hostname_type_on_launch": "ip-name",
            "tags": {
              "Name": "VPC_DEV-Application_subnet"
            },
            "tags_all": {
              "Name": "VPC_DEV-Application_subnet"
            },
            "timeouts": null,
            "vpc_id": "vpc-0cf51db6eba93c2ed"
          },
          "sensitive_attributes": [],
          "private": "eyJlMmJmYjczMC1lY2FhLTExZTYtOGY4OC0zNDM2M2JjN2M0YzAiOnsiY3JlYXRlIjo2MDAwMDAwMDAwMDAsImRlbGV0ZSI6MTIwMDAwMDAwMDAwMH0sInNjaGVtYV92ZXJzaW9uIjoiMSJ9",
          "dependencies": [
            "module.vpc.aws_vpc.main"
          ]
        },
        {
          "index_key": "Data_Base_subnet",
          "schema_version": 1,
          "attributes": {
            "arn": "arn:aws:ec2:us-east-1:585247298056:subnet/subnet-0065a0da49f474efa",
            "assign_ipv6_address_on_creation": false,
            "availability_zone": "us-east-1a",
            "availability_zone_id": "use1-az1",
            "cidr_block": "10.0.4.0/24",
            "customer_owned_ipv4_pool": "",
            "enable_dns64": false,
            "enable_lni_at_device_index": 0,
            "enable_resource_name_dns_a_record_on_launch": false,
            "enable_resource_name_dns_aaaa_record_on_launch": false,
            "id": "subnet-0065a0da49f474efa",
            "ipv6_cidr_block": "",
            "ipv6_cidr_block_association_id": "",
            "ipv6_native": false,
            "map_customer_owned_ip_on_launch": false,
            "map_public_ip_on_launch": false,
            "outpost_arn": "",
            "owner_id": "585247298056",
            "private_dns_hostname_type_on_launch": "ip-name",
            "tags": {
              "Name": "VPC_DEV-Data_Base_subnet"
            },
            "tags_all": {
              "Name": "VPC_DEV-Data_Base_subnet"
            },
            "timeouts": null,
            "vpc_id": "vpc-0cf51db6eba93c2ed"
          },
          "sensitive_attributes": [],
          "private": "eyJlMmJmYjczMC1lY2FhLTExZTYtOGY4OC0zNDM2M2JjN2M0YzAiOnsiY3JlYXRlIjo2MDAwMDAwMDAwMDAsImRlbGV0ZSI6MTIwMDAwMDAwMDAwMH0sInNjaGVtYV92ZXJzaW9uIjoiMSJ9",
          "dependencies": [
            "module.vpc.aws_vpc.main"
          ]
        },
        {
          "index_key": "Forntend_subnet",
          "schema_version": 1,
          "attributes": {
            "arn": "arn:aws:ec2:us-east-1:585247298056:subnet/subnet-0c12012257c4c601f",
            "assign_ipv6_address_on_creation": false,
            "availability_zone": "us-east-1a",
            "availability_zone_id": "use1-az1",
            "cidr_block": "10.0.2.0/24",
            "customer_owned_ipv4_pool": "",
            "enable_dns64": false,
            "enable_lni_at_device_index": 0,
            "enable_resource_name_dns_a_record_on_launch": false,
            "enable_resource_name_dns_aaaa_record_on_launch": false,
            "id": "subnet-0c12012257c4c601f",
            "ipv6_cidr_block": "",
            "ipv6_cidr_block_association_id": "",
            "ipv6_native": false,
            "map_customer_owned_ip_on_launch": false,
            "map_public_ip_on_launch": false,
            "outpost_arn": "",
            "owner_id": "585247298056",
            "private_dns_hostname_type_on_launch": "ip-name",
            "tags": {
              "Name": "VPC_DEV-Forntend_subnet"
            },
            "tags_all": {
              "Name": "VPC_DEV-Forntend_subnet"
            },
            "timeouts": null,
            "vpc_id": "vpc-0cf51db6eba93c2ed"
          },
          "sensitive_attributes": [],
          "private": "eyJlMmJmYjczMC1lY2FhLTExZTYtOGY4OC0zNDM2M2JjN2M0YzAiOnsiY3JlYXRlIjo2MDAwMDAwMDAwMDAsImRlbGV0ZSI6MTIwMDAwMDAwMDAwMH0sInNjaGVtYV92ZXJzaW9uIjoiMSJ9",
          "dependencies": [
            "module.vpc.aws_vpc.main"
          ]
        }
      ]
    },
    {
      "module": "module.vpc",
      "mode": "managed",
      "type": "aws_subnet",
      "name": "public_subnets",
      "provider": "provider[\"registry.terraform.io/hashicorp/aws\"]",
      "instances": [
        {
          "index_key": "subnet1",
          "schema_version": 1,
          "attributes": {
            "arn": "arn:aws:ec2:us-east-1:585247298056:subnet/subnet-0f0601566cec39bc5",
            "assign_ipv6_address_on_creation": false,
            "availability_zone": "us-east-1a",
            "availability_zone_id": "use1-az1",
            "cidr_block": "10.0.1.0/24",
            "customer_owned_ipv4_pool": "",
            "enable_dns64": false,
            "enable_lni_at_device_index": 0,
            "enable_resource_name_dns_a_record_on_launch": false,
            "enable_resource_name_dns_aaaa_record_on_launch": false,
            "id": "subnet-0f0601566cec39bc5",
            "ipv6_cidr_block": "",
            "ipv6_cidr_block_association_id": "",
            "ipv6_native": false,
            "map_customer_owned_ip_on_launch": false,
            "map_public_ip_on_launch": true,
            "outpost_arn": "",
            "owner_id": "585247298056",
            "private_dns_hostname_type_on_launch": "ip-name",
            "tags": {
              "Name": "VPC_DEV-subnet1"
            },
            "tags_all": {
              "Name": "VPC_DEV-subnet1"
            },
            "timeouts": null,
            "vpc_id": "vpc-0cf51db6eba93c2ed"
          },
          "sensitive_attributes": [],
          "private": "eyJlMmJmYjczMC1lY2FhLTExZTYtOGY4OC0zNDM2M2JjN2M0YzAiOnsiY3JlYXRlIjo2MDAwMDAwMDAwMDAsImRlbGV0ZSI6MTIwMDAwMDAwMDAwMH0sInNjaGVtYV92ZXJzaW9uIjoiMSJ9",
          "dependencies": [
            "module.vpc.aws_vpc.main"
          ]
        },
        {
          "index_key": "subnet2",
          "schema_version": 1,
          "attributes": {
            "arn": "arn:aws:ec2:us-east-1:585247298056:subnet/subnet-08a45d2300d07b53c",
            "assign_ipv6_address_on_creation": false,
            "availability_zone": "us-east-1b",
            "availability_zone_id": "use1-az2",
            "cidr_block": "10.0.5.0/24",
            "customer_owned_ipv4_pool": "",
            "enable_dns64": false,
            "enable_lni_at_device_index": 0,
            "enable_resource_name_dns_a_record_on_launch": false,
            "enable_resource_name_dns_aaaa_record_on_launch": false,
            "id": "subnet-08a45d2300d07b53c",
            "ipv6_cidr_block": "",
            "ipv6_cidr_block_association_id": "",
            "ipv6_native": false,
            "map_customer_owned_ip_on_launch": false,
            "map_public_ip_on_launch": true,
            "outpost_arn": "",
            "owner_id": "585247298056",
            "private_dns_hostname_type_on_launch": "ip-name",
            "tags": {
              "Name": "VPC_DEV-subnet2"
            },
            "tags_all": {
              "Name": "VPC_DEV-subnet2"
            },
            "timeouts": null,
            "vpc_id": "vpc-0cf51db6eba93c2ed"
          },
          "sensitive_attributes": [],
          "private": "eyJlMmJmYjczMC1lY2FhLTExZTYtOGY4OC0zNDM2M2JjN2M0YzAiOnsiY3JlYXRlIjo2MDAwMDAwMDAwMDAsImRlbGV0ZSI6MTIwMDAwMDAwMDAwMH0sInNjaGVtYV92ZXJzaW9uIjoiMSJ9",
          "dependencies": [
            "module.vpc.aws_vpc.main"
          ]
        }
      ]
    },
    {
      "module": "module.vpc",
      "mode": "managed",
      "type": "aws_vpc",
      "name": "main",
      "provider": "provider[\"registry.terraform.io/hashicorp/aws\"]",
      "instances": [
        {
          "schema_version": 1,
          "attributes": {
            "arn": "arn:aws:ec2:us-east-1:585247298056:vpc/vpc-0cf51db6eba93c2ed",
            "assign_generated_ipv6_cidr_block": false,
            "cidr_block": "10.0.0.0/16",
            "default_network_acl_id": "acl-0b20fe3949490f6e3",
            "default_route_table_id": "rtb-00e3473d3258c29de",
            "default_security_group_id": "sg-0f0f431ec15aa0e3a",
            "dhcp_options_id": "dopt-8a2e53f0",
            "enable_dns_hostnames": true,
            "enable_dns_support": true,
            "enable_network_address_usage_metrics": false,
            "id": "vpc-0cf51db6eba93c2ed",
            "instance_tenancy": "default",
            "ipv4_ipam_pool_id": null,
            "ipv4_netmask_length": null,
            "ipv6_association_id": "",
            "ipv6_cidr_block": "",
            "ipv6_cidr_block_network_border_group": "",
            "ipv6_ipam_pool_id": "",
            "ipv6_netmask_length": 0,
            "main_route_table_id": "rtb-00e3473d3258c29de",
            "owner_id": "585247298056",
            "tags": {
              "Name": "VPC_DEV"
            },
            "tags_all": {
              "Name": "VPC_DEV"
            }
          },
          "sensitive_attributes": [],
          "private": "eyJzY2hlbWFfdmVyc2lvbiI6IjEifQ=="
        }
      ]
    }
  ],
  "check_results": null
}
